
Microsoft Visual Studio Solution File, Format Version 12.00
# Visual Studio Version 17
VisualStudioVersion = 17.0.31919.166
MinimumVisualStudioVersion = 10.0.40219.1
Project("{FAE04EC0-301F-11D3-BF4B-00C04F79EFBC}") = "ativ1", "ativ1.csproj", "{80A16887-796B-478E-8CA9-CCC6A5EC703E}"
EndProject
Global
	GlobalSection(SolutionConfigurationPlatforms) = preSolution
		Debug|Any CPU = Debug|Any CPU
		Release|Any CPU = Release|Any CPU
	EndGlobalSection
	GlobalSection(ProjectConfigurationPlatforms) = postSolution
		{80A16887-796B-478E-8CA9-CCC6A5EC703E}.Debug|Any CPU.ActiveCfg = Debug|Any CPU
		{80A16887-796B-478E-8CA9-CCC6A5EC703E}.Debug|Any CPU.Build.0 = Debug|Any CPU
		{80A16887-796B-478E-8CA9-CCC6A5EC703E}.Release|Any CPU.ActiveCfg = Release|Any CPU
		{80A16887-796B-478E-8CA9-CCC6A5EC703E}.Release|Any CPU.Build.0 = Release|Any CPU
	EndGlobalSection
	GlobalSection(SolutionProperties) = preSolution
		HideSolutionNode = FALSE
	EndGlobalSection
	GlobalSection(ExtensibilityGlobals) = postSolution
		SolutionGuid = {8FD165DC-7C98-4ED4-BE62-F0B51724A3F7}
	EndGlobalSection
EndGlobal
